
Microsoft Visual Studio Solution File, Format Version 12.00
# Visual Studio 15
Project("{FAE04EC0-301F-11D3-BF4B-00C04F79EFBC}") = "Assembly-CSharp-firstpass", "Assembly-CSharp-firstpass.csproj", "{60CF1C2E-4211-9A5C-D4B1-659564E2F987}"
EndProject
Project("{FAE04EC0-301F-11D3-BF4B-00C04F79EFBC}") = "Assembly-CSharp", "Assembly-CSharp.csproj", "{F339786E-571D-42F1-07A9-C560AC4418B5}"
EndProject
Project("{FAE04EC0-301F-11D3-BF4B-00C04F79EFBC}") = "Assembly-CSharp-Editor-firstpass", "Assembly-CSharp-Editor-firstpass.csproj", "{C514E27F-22C0-C796-5982-C0B77F17596A}"
EndProject
Global
	GlobalSection(SolutionConfigurationPlatforms) = preSolution
		Debug|Any CPU = Debug|Any CPU
		Release|Any CPU = Release|Any CPU
	EndGlobalSection
	GlobalSection(ProjectConfigurationPlatforms) = postSolution
		{60CF1C2E-4211-9A5C-D4B1-659564E2F987}.Debug|Any CPU.ActiveCfg = Debug|Any CPU
		{60CF1C2E-4211-9A5C-D4B1-659564E2F987}.Debug|Any CPU.Build.0 = Debug|Any CPU
		{60CF1C2E-4211-9A5C-D4B1-659564E2F987}.Release|Any CPU.ActiveCfg = Release|Any CPU
		{60CF1C2E-4211-9A5C-D4B1-659564E2F987}.Release|Any CPU.Build.0 = Release|Any CPU
		{F339786E-571D-42F1-07A9-C560AC4418B5}.Debug|Any CPU.ActiveCfg = Debug|Any CPU
		{F339786E-571D-42F1-07A9-C560AC4418B5}.Debug|Any CPU.Build.0 = Debug|Any CPU
		{F339786E-571D-42F1-07A9-C560AC4418B5}.Release|Any CPU.ActiveCfg = Release|Any CPU
		{F339786E-571D-42F1-07A9-C560AC4418B5}.Release|Any CPU.Build.0 = Release|Any CPU
		{C514E27F-22C0-C796-5982-C0B77F17596A}.Debug|Any CPU.ActiveCfg = Debug|Any CPU
		{C514E27F-22C0-C796-5982-C0B77F17596A}.Debug|Any CPU.Build.0 = Debug|Any CPU
		{C514E27F-22C0-C796-5982-C0B77F17596A}.Release|Any CPU.ActiveCfg = Release|Any CPU
		{C514E27F-22C0-C796-5982-C0B77F17596A}.Release|Any CPU.Build.0 = Release|Any CPU
	EndGlobalSection
	GlobalSection(SolutionProperties) = preSolution
		HideSolutionNode = FALSE
	EndGlobalSection
EndGlobal
